{
  "name": "loro-wasm",
  "version": "1.0.0",
  "lockfileVersion": 2,
  "requires": true,
  "packages": {
    "": {
      "name": "loro-wasm",
      "version": "1.0.0",
      "license": "MIT",
      "dependencies": {
        "loro-crdt": "../../../../loro/loro-js"
      }
    },
    "../../../../loro": {},
    "../../../../loro-rs/crates/loro-wasm": {
      "version": "0.1.0",
      "extraneous": true,
      "license": "ISC",
      "devDependencies": {
        "vite-plugin-top-level-await": "^1.2.2",
        "vite-plugin-wasm": "^3.1.0"
      }
    },
    "../../../../loro/crates/loro-wasm": {
      "version": "0.2.4",
      "extraneous": true,
      "license": "ISC",
      "devDependencies": {
        "vite-plugin-top-level-await": "^1.2.2",
        "vite-plugin-wasm": "^3.1.0"
      }
    },
    "../../../../loro/loro-js": {
      "name": "loro-crdt",
      "version": "0.3.0",
      "license": "ISC",
      "dependencies": {
        "loro-wasm": "workspace:*"
      },
      "devDependencies": {
        "@rollup/plugin-node-resolve": "^15.0.1",
        "esbuild": "^0.17.12",
        "rollup": "^3.20.1",
        "rollup-plugin-dts": "^5.3.0",
        "rollup-plugin-esbuild": "^5.0.0",
        "typescript": "^5.0.2",
        "vite": "^4.2.1",
        "vite-plugin-wasm": "^3.2.2",
        "vitest": "^0.29.7"
      }
    },
    "../../../loro-rs/crates/loro-wasm": {
      "version": "0.1.0",
      "extraneous": true,
      "license": "ISC"
    },
    "../../../loro-rs/crates/loro-wasm/npm": {
      "version": "0.0.1",
      "extraneous": true,
      "license": "MIT",
      "devDependencies": {
        "@types/node": "^18.11.9"
      }
    },
    "../../loro/crates/loro-wasm": {
      "extraneous": true
    },
    "../loro/crates/loro-wasm": {
      "extraneous": true
    },
    "node_modules/loro-crdt": {
      "resolved": "../../../../loro/loro-js",
      "link": true
    }
  },
  "dependencies": {
    "loro-crdt": {
      "version": "file:../../../../loro/loro-js",
      "requires": {
        "@rollup/plugin-node-resolve": "^15.0.1",
        "esbuild": "^0.17.12",
        "loro-wasm": "workspace:*",
        "rollup": "^3.20.1",
        "rollup-plugin-dts": "^5.3.0",
        "rollup-plugin-esbuild": "^5.0.0",
        "typescript": "^5.0.2",
        "vite": "^4.2.1",
        "vite-plugin-wasm": "^3.2.2",
        "vitest": "^0.29.7"
      }
    }
  }
}
